github.com/justsocialapps/assert v0.0.0-20170124192857-c78644921ea5 h1:LkFo/rRNelS/AyMZHHZvIvFyXOYfjM/CmImGFgXcu+A=
github.com/justsocialapps/assert v0.0.0-20170124192857-c78644921ea5/go.mod h1:2RyFGw5PZNd2nj35cYEueqNo+7PonWPyHSfqwTXHBVU=
github.com/justsocialapps/justlib v0.0.0-20170914125756-0712b4c48a88 h1:1mAO8OgCf2TT84HmapRM98zUIzHMsH4ToNpt0rSKNXs=
github.com/justsocialapps/justlib v0.0.0-20170914125756-0712b4c48a88/go.mod h1:ymT5HMlddcowg3BtNismLttEzqOmtqehguwcvS6QN4Q=
github.com/makkes/judo v0.0.0-20210107224728-da2d2520560d h1:gHdPMjT73KZzUcofyOTuomilcXF+wrYYc2OzPuUgeuM=
github.com/makkes/judo v0.0.0-20210107224728-da2d2520560d/go.mod h1:CNxm6NeRXoziz1XsJtzsu4eQ2Y2E7GXYpXtG+RJImP4=
gopkg.in/justsocialapps/justlib.v1 v1.0.0-20170914134905-78d7320d066b h1:/2dBoGIRH3Tg2FX1T6WXyLGqs+YVf2r7oyVeqVdui8U=
gopkg.in/justsocialapps/justlib.v1 v1.0.0-20170914134905-78d7320d066b/go.mod h1:1NMwQpJIq9MwoDhj+Pi50fHujvu5FTNJvEgv2USSKfk=
